{
  "name": "tfaction",
  "version": "1.0.2",
  "lockfileVersion": 3,
  "requires": true,
  "packages": {
    "": {
      "name": "tfaction",
      "version": "1.0.2",
      "license": "MIT",
      "devDependencies": {
        "prettier": "3.4.0"
      }
    },
    "node_modules/prettier": {
      "version": "3.4.0",
      "resolved": "https://registry.npmjs.org/prettier/-/prettier-3.4.0.tgz",
      "integrity": "sha512-/OXNZcLyWkfo13ofOW5M7SLh+k5pnIs07owXK2teFpnfaOEcycnSy7HQxldaVX1ZP/7Q8oO1eDuQJNwbomQq5Q==",
      "dev": true,
      "license": "MIT",
      "bin": {
        "prettier": "bin/prettier.cjs"
      },
      "engines": {
        "node": ">=14"
      },
      "funding": {
        "url": "https://github.com/prettier/prettier?sponsor=1"
      }
    }
  }
}
